<?xml version="1.0" encoding="utf-8"?>
<Project ToolsVersion="4.0" xmlns="http://schemas.microsoft.com/developer/msbuild/2003">
  <ItemGroup>
    <ClCompile Include="Player.cpp">
      <Filter>Development ============\Game</Filter>
    </ClCompile>
    <ClCompile Include="Spell.cpp">
      <Filter>Development ============\Game</Filter>
    </ClCompile>
    <ClCompile Include="SpellManager.cpp">
      <Filter>Development ============\Game</Filter>
    </ClCompile>
    <ClCompile Include="Fireball.cpp">
      <Filter>Development ============\Game</Filter>
    </ClCompile>
    <ClCompile Include="j1Audio.cpp">
      <Filter>Development ============\Modules</Filter>
    </ClCompile>
    <ClCompile Include="j1FileSystem.cpp">
      <Filter>Development ============\Modules</Filter>
    </ClCompile>
    <ClCompile Include="j1Input.cpp">
      <Filter>Development ============\Modules</Filter>
    </ClCompile>
    <ClCompile Include="j1Map.cpp">
      <Filter>Development ============\Modules</Filter>
    </ClCompile>
    <ClCompile Include="j1Pathfinding.cpp">
      <Filter>Development ============\Modules</Filter>
    </ClCompile>
    <ClCompile Include="j1PerfTimer.cpp">
      <Filter>Development ============\Modules</Filter>
    </ClCompile>
    <ClCompile Include="j1Render.cpp">
      <Filter>Development ============\Modules</Filter>
    </ClCompile>
    <ClCompile Include="j1Text.cpp">
      <Filter>Development ============\Modules</Filter>
    </ClCompile>
    <ClCompile Include="j1Textures.cpp">
      <Filter>Development ============\Modules</Filter>
    </ClCompile>
    <ClCompile Include="j1Timer.cpp">
      <Filter>Development ============\Modules</Filter>
    </ClCompile>
    <ClCompile Include="j1Window.cpp">
      <Filter>Development ============\Modules</Filter>
    </ClCompile>
    <ClCompile Include="j1App.cpp">
      <Filter>Development ============</Filter>
    </ClCompile>
    <ClCompile Include="j1Main.cpp">
      <Filter>Development ============</Filter>
    </ClCompile>
    <ClCompile Include="PugiXml\src\pugixml.cpp">
      <Filter>Development ============\Tools\PugiXML</Filter>
    </ClCompile>
    <ClCompile Include="Button.cpp">
      <Filter>Development ============\Tools</Filter>
    </ClCompile>
    <ClCompile Include="Prefabs.cpp">
      <Filter>Development ============\Tools</Filter>
    </ClCompile>
    <ClCompile Include="RandomGenerator.cpp">
      <Filter>Development ============\Tools</Filter>
    </ClCompile>
    <ClCompile Include="j1Scene.cpp">
      <Filter>Development ============\Scenes</Filter>
    </ClCompile>
    <ClCompile Include="Dummy_Scene.cpp">
      <Filter>Development ============\Scenes</Filter>
    </ClCompile>
    <ClCompile Include="ModulePhysics.cpp">
      <Filter>Development ============\Modules</Filter>
    </ClCompile>
    <ClCompile Include="ModuleEnemies.cpp">
      <Filter>Development ============\Game</Filter>
    </ClCompile>
    <ClCompile Include="p2Log.cpp">
      <Filter>Programing 2 ===========</Filter>
    </ClCompile>
  </ItemGroup>
  <ItemGroup>
    <ClInclude Include="Player.h">
      <Filter>Development ============\Game</Filter>
    </ClInclude>
    <ClInclude Include="Spell.h">
      <Filter>Development ============\Game</Filter>
    </ClInclude>
    <ClInclude Include="SpellManager.h">
      <Filter>Development ============\Game</Filter>
    </ClInclude>
    <ClInclude Include="Fireball.h">
      <Filter>Development ============\Game</Filter>
    </ClInclude>
    <ClInclude Include="j1Audio.h">
      <Filter>Development ============\Modules</Filter>
    </ClInclude>
    <ClInclude Include="j1FileSystem.h">
      <Filter>Development ============\Modules</Filter>
    </ClInclude>
    <ClInclude Include="j1Input.h">
      <Filter>Development ============\Modules</Filter>
    </ClInclude>
    <ClInclude Include="j1Map.h">
      <Filter>Development ============\Modules</Filter>
    </ClInclude>
    <ClInclude Include="j1Pathfinding.h">
      <Filter>Development ============\Modules</Filter>
    </ClInclude>
    <ClInclude Include="j1PerfTimer.h">
      <Filter>Development ============\Modules</Filter>
    </ClInclude>
    <ClInclude Include="j1Render.h">
      <Filter>Development ============\Modules</Filter>
    </ClInclude>
    <ClInclude Include="j1Text.h">
      <Filter>Development ============\Modules</Filter>
    </ClInclude>
    <ClInclude Include="j1Textures.h">
      <Filter>Development ============\Modules</Filter>
    </ClInclude>
    <ClInclude Include="j1Timer.h">
      <Filter>Development ============\Modules</Filter>
    </ClInclude>
    <ClInclude Include="j1Window.h">
      <Filter>Development ============\Modules</Filter>
    </ClInclude>
    <ClInclude Include="j1App.h">
      <Filter>Development ============</Filter>
    </ClInclude>
    <ClInclude Include="j1Module.h">
      <Filter>Development ============</Filter>
    </ClInclude>
    <ClInclude Include="PugiXml\src\pugixml.hpp">
      <Filter>Development ============\Tools\PugiXML</Filter>
    </ClInclude>
    <ClInclude Include="PugiXml\src\pugiconfig.hpp">
      <Filter>Development ============\Tools\PugiXML</Filter>
    </ClInclude>
    <ClInclude Include="Animation.h">
      <Filter>Development ============\Tools</Filter>
    </ClInclude>
    <ClInclude Include="Button.h">
      <Filter>Development ============\Tools</Filter>
    </ClInclude>
    <ClInclude Include="Prefabs.h">
      <Filter>Development ============\Tools</Filter>
    </ClInclude>
    <ClInclude Include="RandomGenerator.h">
      <Filter>Development ============\Tools</Filter>
    </ClInclude>
    <ClInclude Include="Scene.h">
      <Filter>Development ============\Scenes</Filter>
    </ClInclude>
    <ClInclude Include="j1Scene.h">
      <Filter>Development ============\Scenes</Filter>
    </ClInclude>
    <ClInclude Include="Dummy_Scene.h">
      <Filter>Development ============\Scenes</Filter>
    </ClInclude>
    <ClInclude Include="ModulePhysics.h">
      <Filter>Development ============\Modules</Filter>
    </ClInclude>
    <ClInclude Include="ModuleEnemies.h">
      <Filter>Development ============\Game</Filter>
    </ClInclude>
    <ClInclude Include="p2Defs.h">
      <Filter>Programing 2 ===========</Filter>
    </ClInclude>
    <ClInclude Include="p2DynArray.h">
      <Filter>Programing 2 ===========</Filter>
    </ClInclude>
    <ClInclude Include="p2List.h">
      <Filter>Programing 2 ===========</Filter>
    </ClInclude>
    <ClInclude Include="p2Log.h">
      <Filter>Programing 2 ===========</Filter>
    </ClInclude>
    <ClInclude Include="p2Point.h">
      <Filter>Programing 2 ===========</Filter>
    </ClInclude>
    <ClInclude Include="p2SString.h">
      <Filter>Programing 2 ===========</Filter>
    </ClInclude>
    <ClInclude Include="Boss.h">
      <Filter>Development ============\Game</Filter>
    </ClInclude>
    <ClInclude Include="FearBoss.h">
      <Filter>Development ============\Game</Filter>
    </ClInclude>
  </ItemGroup>
  <ItemGroup>
    <Xml Include="..\Game\config.xml">
      <Filter>Development ============</Filter>
    </Xml>
    <Xml Include="..\Game\LevelScene.xml">
      <Filter>Development ============\Scenes</Filter>
    </Xml>
    <Xml Include="..\Game\EnemyConfig.xml">
      <Filter>Development ============\Game</Filter>
    </Xml>
  </ItemGroup>
  <ItemGroup>
    <Filter Include="Development ============">
      <UniqueIdentifier>{cf9ee56b-dcbc-4341-924a-dac1cc5a693d}</UniqueIdentifier>
    </Filter>
    <Filter Include="Development ============\Game">
      <UniqueIdentifier>{8ffe8bc0-d9a4-4aba-a3da-17a539da74ea}</UniqueIdentifier>
    </Filter>
    <Filter Include="Development ============\Modules">
      <UniqueIdentifier>{1748ef97-93c7-4f39-abbb-c578b76efc87}</UniqueIdentifier>
    </Filter>
    <Filter Include="Development ============\Tools">
      <UniqueIdentifier>{30fc7ebe-6ac3-4d5d-a23b-e912da473305}</UniqueIdentifier>
    </Filter>
    <Filter Include="Development ============\Tools\PugiXML">
      <UniqueIdentifier>{2e3679f8-cb8f-4c4f-8ed8-c353727bbc8c}</UniqueIdentifier>
    </Filter>
    <Filter Include="Development ============\Scenes">
      <UniqueIdentifier>{a14fe17f-2790-4935-8ee3-52c905663a26}</UniqueIdentifier>
    </Filter>
    <Filter Include="Programing 2 ===========">
      <UniqueIdentifier>{a5ac01a8-1356-4fdc-ba59-11ab72b4e510}</UniqueIdentifier>
    </Filter>
  </ItemGroup>
</Project>