<?xml version="1.0" encoding="utf-8"?>
<Project ToolsVersion="4.0" xmlns="http://schemas.microsoft.com/developer/msbuild/2003">
  <ItemGroup>
    <ClCompile Include="Button.cpp">
      <Filter>Development\Tools</Filter>
    </ClCompile>
    <ClCompile Include="j1PerfTimer.cpp">
      <Filter>Development\Tools</Filter>
    </ClCompile>
    <ClCompile Include="Prefabs.cpp">
      <Filter>Development\Tools</Filter>
    </ClCompile>
    <ClCompile Include="j1Timer.cpp">
      <Filter>Development\Tools</Filter>
    </ClCompile>
    <ClCompile Include="ModuleEnemies.cpp">
      <Filter>Development\Game\Enemies</Filter>
    </ClCompile>
    <ClCompile Include="PugiXml\src\pugixml.cpp">
      <Filter>Development\Tools\PugiXML</Filter>
    </ClCompile>
    <ClCompile Include="j1Scene.cpp">
      <Filter>Development\Scenes</Filter>
    </ClCompile>
    <ClCompile Include="Spell.cpp">
      <Filter>Development\Game\Spells</Filter>
    </ClCompile>
    <ClCompile Include="SpellManager.cpp">
      <Filter>Development\Game\Spells</Filter>
    </ClCompile>
    <ClCompile Include="Player.cpp">
      <Filter>Development\Game\Player</Filter>
    </ClCompile>
    <ClCompile Include="j1Audio.cpp">
      <Filter>Development\Modules</Filter>
    </ClCompile>
    <ClCompile Include="j1FileSystem.cpp">
      <Filter>Development\Modules</Filter>
    </ClCompile>
    <ClCompile Include="j1Input.cpp">
      <Filter>Development\Modules</Filter>
    </ClCompile>
    <ClCompile Include="j1Main.cpp">
      <Filter>Development\Modules</Filter>
    </ClCompile>
    <ClCompile Include="j1Map.cpp">
      <Filter>Development\Modules</Filter>
    </ClCompile>
    <ClCompile Include="j1Pathfinding.cpp">
      <Filter>Development\Modules</Filter>
    </ClCompile>
    <ClCompile Include="j1Render.cpp">
      <Filter>Development\Modules</Filter>
    </ClCompile>
    <ClCompile Include="j1Text.cpp">
      <Filter>Development\Modules</Filter>
    </ClCompile>
    <ClCompile Include="j1Textures.cpp">
      <Filter>Development\Modules</Filter>
    </ClCompile>
    <ClCompile Include="j1Window.cpp">
      <Filter>Development\Modules</Filter>
    </ClCompile>
    <ClCompile Include="ModulePhysics.cpp">
      <Filter>Development\Modules</Filter>
    </ClCompile>
    <ClCompile Include="RandomGenerator.cpp">
      <Filter>Development\Tools</Filter>
    </ClCompile>
    <ClCompile Include="p2Log.cpp">
      <Filter>Programing 2</Filter>
    </ClCompile>
    <ClCompile Include="j1App.cpp">
      <Filter>Development</Filter>
    </ClCompile>
    <ClCompile Include="FearBall.cpp">
      <Filter>Development\Game\Spells\Enemy</Filter>
    </ClCompile>
    <ClCompile Include="InsanityEye.cpp">
      <Filter>Development\Game\Spells\Enemy</Filter>
    </ClCompile>
    <ClCompile Include="Fireball.cpp">
      <Filter>Development\Game\Spells\Player</Filter>
    </ClCompile>
    <ClCompile Include="JumpAttack.cpp">
      <Filter>Development\Game\Spells\Player</Filter>
    </ClCompile>
    <ClCompile Include="IntroScene.cpp">
      <Filter>Development\Scenes\Intro</Filter>
    </ClCompile>
    <ClCompile Include="Dummy_Scene.cpp">
      <Filter>Development\Scenes\Level</Filter>
    </ClCompile>
    <ClCompile Include="WinScene.cpp">
      <Filter>Development\Scenes\Win</Filter>
    </ClCompile>
    <ClCompile Include="LoseScene.cpp">
      <Filter>Development\Scenes\Lose</Filter>
    </ClCompile>
  </ItemGroup>
  <ItemGroup>
    <ClInclude Include="Animation.h">
      <Filter>Development\Tools</Filter>
    </ClInclude>
    <ClInclude Include="Button.h">
      <Filter>Development\Tools</Filter>
    </ClInclude>
    <ClInclude Include="j1PerfTimer.h">
      <Filter>Development\Tools</Filter>
    </ClInclude>
    <ClInclude Include="Prefabs.h">
      <Filter>Development\Tools</Filter>
    </ClInclude>
    <ClInclude Include="j1Timer.h">
      <Filter>Development\Tools</Filter>
    </ClInclude>
    <ClInclude Include="Boss.h">
      <Filter>Development\Game\Enemies</Filter>
    </ClInclude>
    <ClInclude Include="FearBoss.h">
      <Filter>Development\Game\Enemies</Filter>
    </ClInclude>
    <ClInclude Include="InsanityBoss.h">
      <Filter>Development\Game\Enemies</Filter>
    </ClInclude>
    <ClInclude Include="ModuleEnemies.h">
      <Filter>Development\Game\Enemies</Filter>
    </ClInclude>
    <ClInclude Include="PugiXml\src\pugiconfig.hpp">
      <Filter>Development\Tools\PugiXML</Filter>
    </ClInclude>
    <ClInclude Include="PugiXml\src\pugixml.hpp">
      <Filter>Development\Tools\PugiXML</Filter>
    </ClInclude>
    <ClInclude Include="j1Scene.h">
      <Filter>Development\Scenes</Filter>
    </ClInclude>
    <ClInclude Include="Scene.h">
      <Filter>Development\Scenes</Filter>
    </ClInclude>
    <ClInclude Include="Spell.h">
      <Filter>Development\Game\Spells</Filter>
    </ClInclude>
    <ClInclude Include="SpellManager.h">
      <Filter>Development\Game\Spells</Filter>
    </ClInclude>
    <ClInclude Include="Player.h">
      <Filter>Development\Game\Player</Filter>
    </ClInclude>
    <ClInclude Include="j1Audio.h">
      <Filter>Development\Modules</Filter>
    </ClInclude>
    <ClInclude Include="j1FileSystem.h">
      <Filter>Development\Modules</Filter>
    </ClInclude>
    <ClInclude Include="j1Input.h">
      <Filter>Development\Modules</Filter>
    </ClInclude>
    <ClInclude Include="j1Map.h">
      <Filter>Development\Modules</Filter>
    </ClInclude>
    <ClInclude Include="j1Pathfinding.h">
      <Filter>Development\Modules</Filter>
    </ClInclude>
    <ClInclude Include="j1Render.h">
      <Filter>Development\Modules</Filter>
    </ClInclude>
    <ClInclude Include="j1Text.h">
      <Filter>Development\Modules</Filter>
    </ClInclude>
    <ClInclude Include="j1Textures.h">
      <Filter>Development\Modules</Filter>
    </ClInclude>
    <ClInclude Include="j1Window.h">
      <Filter>Development\Modules</Filter>
    </ClInclude>
    <ClInclude Include="ModulePhysics.h">
      <Filter>Development\Modules</Filter>
    </ClInclude>
    <ClInclude Include="RandomGenerator.h">
      <Filter>Development\Tools</Filter>
    </ClInclude>
    <ClInclude Include="p2Defs.h">
      <Filter>Programing 2</Filter>
    </ClInclude>
    <ClInclude Include="p2DynArray.h">
      <Filter>Programing 2</Filter>
    </ClInclude>
    <ClInclude Include="p2List.h">
      <Filter>Programing 2</Filter>
    </ClInclude>
    <ClInclude Include="p2Log.h">
      <Filter>Programing 2</Filter>
    </ClInclude>
    <ClInclude Include="p2Point.h">
      <Filter>Programing 2</Filter>
    </ClInclude>
    <ClInclude Include="p2SString.h">
      <Filter>Programing 2</Filter>
    </ClInclude>
    <ClInclude Include="j1App.h">
      <Filter>Development</Filter>
    </ClInclude>
    <ClInclude Include="j1Module.h">
      <Filter>Development</Filter>
    </ClInclude>
    <ClInclude Include="FearBall.h">
      <Filter>Development\Game\Spells\Enemy</Filter>
    </ClInclude>
    <ClInclude Include="InsanityEye.h">
      <Filter>Development\Game\Spells\Enemy</Filter>
    </ClInclude>
    <ClInclude Include="Fireball.h">
      <Filter>Development\Game\Spells\Player</Filter>
    </ClInclude>
    <ClInclude Include="JumpAttack.h">
      <Filter>Development\Game\Spells\Player</Filter>
    </ClInclude>
    <ClInclude Include="IntroScene.h">
      <Filter>Development\Scenes\Intro</Filter>
    </ClInclude>
    <ClInclude Include="Dummy_Scene.h">
      <Filter>Development\Scenes\Level</Filter>
    </ClInclude>
    <ClInclude Include="WinScene.h">
      <Filter>Development\Scenes\Win</Filter>
    </ClInclude>
    <ClInclude Include="LoseScene.h">
      <Filter>Development\Scenes\Lose</Filter>
    </ClInclude>
  </ItemGroup>
  <ItemGroup>
    <Xml Include="..\Game\EnemyConfig.xml">
      <Filter>Development\Game\Enemies</Filter>
    </Xml>
    <Xml Include="..\Game\PlayerConfig.xml">
      <Filter>Development\Game\Player</Filter>
    </Xml>
    <Xml Include="..\Game\SpellsConfig.xml">
      <Filter>Development\Game\Spells</Filter>
    </Xml>
    <Xml Include="..\Game\config.xml">
      <Filter>Development</Filter>
    </Xml>
    <Xml Include="..\Game\IntroScene.xml">
      <Filter>Development\Scenes\Intro</Filter>
    </Xml>
    <Xml Include="..\Game\LevelScene.xml">
      <Filter>Development\Scenes\Level</Filter>
    </Xml>
    <Xml Include="..\Game\WinScene.xml">
      <Filter>Development\Scenes\Win</Filter>
    </Xml>
    <Xml Include="LoseScene.xml">
      <Filter>Development\Scenes\Lose</Filter>
    </Xml>
  </ItemGroup>
  <ItemGroup>
    <Filter Include="Development">
      <UniqueIdentifier>{ea428287-1b8f-4767-9584-7a8dc61ad7e2}</UniqueIdentifier>
    </Filter>
    <Filter Include="Development\Game">
      <UniqueIdentifier>{f4a553a3-8c44-4e60-9f47-07fc4dfbd80e}</UniqueIdentifier>
    </Filter>
    <Filter Include="Development\Game\Player">
      <UniqueIdentifier>{0d6eb305-2a74-4ee8-adb1-6897df1a87bf}</UniqueIdentifier>
    </Filter>
    <Filter Include="Development\Game\Spells">
      <UniqueIdentifier>{d5cc3b1e-eee5-4aca-bf82-961aed43b5cd}</UniqueIdentifier>
    </Filter>
    <Filter Include="Development\Game\Enemies">
      <UniqueIdentifier>{f96a5ac3-a1f1-4b5e-aaf5-bf100edd0ed2}</UniqueIdentifier>
    </Filter>
    <Filter Include="Development\Modules">
      <UniqueIdentifier>{14778383-cf6a-41ad-aef6-36ba0204a1b5}</UniqueIdentifier>
    </Filter>
    <Filter Include="Development\Tools">
      <UniqueIdentifier>{83f5a54e-c519-4218-9b1c-7f7824975c02}</UniqueIdentifier>
    </Filter>
    <Filter Include="Development\Tools\PugiXML">
      <UniqueIdentifier>{8b865ad2-b139-4184-9d74-d23ad1335c19}</UniqueIdentifier>
    </Filter>
    <Filter Include="Development\Scenes">
      <UniqueIdentifier>{52f6249f-5912-4ee5-9206-78944199190d}</UniqueIdentifier>
    </Filter>
    <Filter Include="Programing 2">
      <UniqueIdentifier>{7b436ff6-9d09-4d8f-b23f-33c6522addf6}</UniqueIdentifier>
    </Filter>
    <Filter Include="Development\Game\Spells\Enemy">
      <UniqueIdentifier>{9e53d60b-d0fa-4586-a28c-fe31cd00a275}</UniqueIdentifier>
    </Filter>
    <Filter Include="Development\Game\Spells\Player">
      <UniqueIdentifier>{28557d32-fc1e-490b-b0bf-3c8aef329824}</UniqueIdentifier>
    </Filter>
    <Filter Include="Development\Scenes\Intro">
      <UniqueIdentifier>{b7464a10-429d-4f01-9dd5-91d0cb7da87a}</UniqueIdentifier>
    </Filter>
    <Filter Include="Development\Scenes\Level">
      <UniqueIdentifier>{d0505509-28df-470a-9401-9fffd61a2c9f}</UniqueIdentifier>
    </Filter>
    <Filter Include="Development\Scenes\Win">
      <UniqueIdentifier>{e9f72a83-c291-4f91-ab0e-c12287b2004e}</UniqueIdentifier>
    </Filter>
    <Filter Include="Development\Scenes\Lose">
      <UniqueIdentifier>{1c1b83c9-dfc7-4036-a37f-3cb903b315c0}</UniqueIdentifier>
    </Filter>
  </ItemGroup>
</Project>